
Microsoft Visual Studio Solution File, Format Version 12.00
# Visual Studio Version 17
VisualStudioVersion = 17.4.33213.308
MinimumVisualStudioVersion = 10.0.40219.1
Project("{9A19103F-16F7-4668-BE54-9A1E7A4F7556}") = "CherryBakewell.Base", "src\CherryBakewell.Base\CherryBakewell.Base.csproj", "{1F3C428F-B411-46E5-B00D-659B05195700}"
EndProject
Project("{9A19103F-16F7-4668-BE54-9A1E7A4F7556}") = "CherryBakewell.Database", "src\CherryBakewell.Database\CherryBakewell.Database.csproj", "{FB34FBDD-944E-4AB2-9E83-E16FFF27997C}"
EndProject
Project("{9A19103F-16F7-4668-BE54-9A1E7A4F7556}") = "DatabaseQuickCreateAndMigrate", "src\DatabaseQuickCreateAndMigrate\DatabaseQuickCreateAndMigrate.csproj", "{AE47916C-81D8-4F16-8EE6-CC73F67EC217}"
EndProject
Project("{2150E333-8FDC-42A3-9474-1A3956D46DE8}") = "Tools", "Tools", "{2F995EFB-1E6A-41F2-8DE6-F4287509ABC6}"
EndProject
Project("{9A19103F-16F7-4668-BE54-9A1E7A4F7556}") = "CherryBakewell.Web", "src\CherryBakewell.Web\CherryBakewell.Web.csproj", "{7CDB6E37-C101-44C0-9DC3-A5F88FEFBC4D}"
EndProject
Project("{E53339B2-1760-4266-BCC7-CA923CBCF16C}") = "docker-compose", "docker-compose.dcproj", "{DCEBCEC6-39E7-4F85-AB78-39FEF3785EC8}"
EndProject
Project("{2150E333-8FDC-42A3-9474-1A3956D46DE8}") = "Tests", "Tests", "{80A90B32-6FD3-47D2-9322-A5C05F3B5C23}"
EndProject
Project("{9A19103F-16F7-4668-BE54-9A1E7A4F7556}") = "CherryBakewell.Web.Tests", "src\CherryBakewell.Web.Tests\CherryBakewell.Web.Tests.csproj", "{C203BABF-F103-4800-B871-A25821583155}"
EndProject
Global
	GlobalSection(SolutionConfigurationPlatforms) = preSolution
		Debug|Any CPU = Debug|Any CPU
		Release|Any CPU = Release|Any CPU
	EndGlobalSection
	GlobalSection(ProjectConfigurationPlatforms) = postSolution
		{1F3C428F-B411-46E5-B00D-659B05195700}.Debug|Any CPU.ActiveCfg = Debug|Any CPU
		{1F3C428F-B411-46E5-B00D-659B05195700}.Debug|Any CPU.Build.0 = Debug|Any CPU
		{1F3C428F-B411-46E5-B00D-659B05195700}.Release|Any CPU.ActiveCfg = Release|Any CPU
		{1F3C428F-B411-46E5-B00D-659B05195700}.Release|Any CPU.Build.0 = Release|Any CPU
		{FB34FBDD-944E-4AB2-9E83-E16FFF27997C}.Debug|Any CPU.ActiveCfg = Debug|Any CPU
		{FB34FBDD-944E-4AB2-9E83-E16FFF27997C}.Debug|Any CPU.Build.0 = Debug|Any CPU
		{FB34FBDD-944E-4AB2-9E83-E16FFF27997C}.Release|Any CPU.ActiveCfg = Release|Any CPU
		{FB34FBDD-944E-4AB2-9E83-E16FFF27997C}.Release|Any CPU.Build.0 = Release|Any CPU
		{AE47916C-81D8-4F16-8EE6-CC73F67EC217}.Debug|Any CPU.ActiveCfg = Debug|Any CPU
		{AE47916C-81D8-4F16-8EE6-CC73F67EC217}.Debug|Any CPU.Build.0 = Debug|Any CPU
		{AE47916C-81D8-4F16-8EE6-CC73F67EC217}.Release|Any CPU.ActiveCfg = Release|Any CPU
		{AE47916C-81D8-4F16-8EE6-CC73F67EC217}.Release|Any CPU.Build.0 = Release|Any CPU
		{7CDB6E37-C101-44C0-9DC3-A5F88FEFBC4D}.Debug|Any CPU.ActiveCfg = Debug|Any CPU
		{7CDB6E37-C101-44C0-9DC3-A5F88FEFBC4D}.Debug|Any CPU.Build.0 = Debug|Any CPU
		{7CDB6E37-C101-44C0-9DC3-A5F88FEFBC4D}.Release|Any CPU.ActiveCfg = Release|Any CPU
		{7CDB6E37-C101-44C0-9DC3-A5F88FEFBC4D}.Release|Any CPU.Build.0 = Release|Any CPU
		{DCEBCEC6-39E7-4F85-AB78-39FEF3785EC8}.Debug|Any CPU.ActiveCfg = Debug|Any CPU
		{DCEBCEC6-39E7-4F85-AB78-39FEF3785EC8}.Debug|Any CPU.Build.0 = Debug|Any CPU
		{DCEBCEC6-39E7-4F85-AB78-39FEF3785EC8}.Release|Any CPU.ActiveCfg = Release|Any CPU
		{DCEBCEC6-39E7-4F85-AB78-39FEF3785EC8}.Release|Any CPU.Build.0 = Release|Any CPU
		{C203BABF-F103-4800-B871-A25821583155}.Debug|Any CPU.ActiveCfg = Debug|Any CPU
		{C203BABF-F103-4800-B871-A25821583155}.Debug|Any CPU.Build.0 = Debug|Any CPU
		{C203BABF-F103-4800-B871-A25821583155}.Release|Any CPU.ActiveCfg = Release|Any CPU
		{C203BABF-F103-4800-B871-A25821583155}.Release|Any CPU.Build.0 = Release|Any CPU
	EndGlobalSection
	GlobalSection(SolutionProperties) = preSolution
		HideSolutionNode = FALSE
	EndGlobalSection
	GlobalSection(NestedProjects) = preSolution
		{AE47916C-81D8-4F16-8EE6-CC73F67EC217} = {2F995EFB-1E6A-41F2-8DE6-F4287509ABC6}
		{C203BABF-F103-4800-B871-A25821583155} = {80A90B32-6FD3-47D2-9322-A5C05F3B5C23}
	EndGlobalSection
	GlobalSection(ExtensibilityGlobals) = postSolution
		SolutionGuid = {E3ADF452-B62C-438E-B7CF-786014A5DC78}
	EndGlobalSection
EndGlobal
